
Microsoft Visual Studio Solution File, Format Version 12.00
# Visual Studio Version 17
VisualStudioVersion = 17.0.32112.339
MinimumVisualStudioVersion = 10.0.40219.1
Project("{9A19103F-16F7-4668-BE54-9A1E7A4F7556}") = "VersION", "VersION\VersION.csproj", "{10C18413-3038-4535-BDB1-9C91B2C6BBB3}"
EndProject
Project("{9A19103F-16F7-4668-BE54-9A1E7A4F7556}") = "VersION.Core", "VersION.Core\VersION.Core.csproj", "{ED2156C8-E1CB-4FD7-AC73-D3F7985C648A}"
EndProject
Project("{2150E333-8FDC-42A3-9474-1A3956D46DE8}") = "tests", "tests", "{D78F2C0F-3A0E-4D7A-9B43-446D42C07316}"
EndProject
Project("{2150E333-8FDC-42A3-9474-1A3956D46DE8}") = "app", "app", "{B3C20213-5F82-4451-913F-075B8BBF2AD9}"
EndProject
Project("{2150E333-8FDC-42A3-9474-1A3956D46DE8}") = "plugins", "plugins", "{BEF365AB-7AF6-42B8-9AC2-769CD7E4078E}"
EndProject
Project("{FAE04EC0-301F-11D3-BF4B-00C04F79EFBC}") = "Tests.VersION", "tests\Tests.VersION\Tests.VersION.csproj", "{19A15498-1AC4-4A5A-B96F-752679696347}"
EndProject
Project("{FAE04EC0-301F-11D3-BF4B-00C04F79EFBC}") = "Tests.VersION.Core", "tests\Tests.VersION.Core\Tests.VersION.Core.csproj", "{EAB20268-8E47-4BC8-B0E9-96A32A261674}"
EndProject
Project("{FAE04EC0-301F-11D3-BF4B-00C04F79EFBC}") = "VersION.Main", "plugins\VersION.Main\VersION.Main.csproj", "{5C5D4648-596E-4525-855E-78CBC0F5C74B}"
EndProject
Global
	GlobalSection(SolutionConfigurationPlatforms) = preSolution
		Debug|Any CPU = Debug|Any CPU
		Release|Any CPU = Release|Any CPU
	EndGlobalSection
	GlobalSection(ProjectConfigurationPlatforms) = postSolution
		{10C18413-3038-4535-BDB1-9C91B2C6BBB3}.Debug|Any CPU.ActiveCfg = Debug|Any CPU
		{10C18413-3038-4535-BDB1-9C91B2C6BBB3}.Debug|Any CPU.Build.0 = Debug|Any CPU
		{10C18413-3038-4535-BDB1-9C91B2C6BBB3}.Release|Any CPU.ActiveCfg = Release|Any CPU
		{10C18413-3038-4535-BDB1-9C91B2C6BBB3}.Release|Any CPU.Build.0 = Release|Any CPU
		{ED2156C8-E1CB-4FD7-AC73-D3F7985C648A}.Debug|Any CPU.ActiveCfg = Debug|Any CPU
		{ED2156C8-E1CB-4FD7-AC73-D3F7985C648A}.Debug|Any CPU.Build.0 = Debug|Any CPU
		{ED2156C8-E1CB-4FD7-AC73-D3F7985C648A}.Release|Any CPU.ActiveCfg = Release|Any CPU
		{ED2156C8-E1CB-4FD7-AC73-D3F7985C648A}.Release|Any CPU.Build.0 = Release|Any CPU
		{19A15498-1AC4-4A5A-B96F-752679696347}.Debug|Any CPU.ActiveCfg = Debug|Any CPU
		{19A15498-1AC4-4A5A-B96F-752679696347}.Debug|Any CPU.Build.0 = Debug|Any CPU
		{19A15498-1AC4-4A5A-B96F-752679696347}.Release|Any CPU.ActiveCfg = Release|Any CPU
		{19A15498-1AC4-4A5A-B96F-752679696347}.Release|Any CPU.Build.0 = Release|Any CPU
		{EAB20268-8E47-4BC8-B0E9-96A32A261674}.Debug|Any CPU.ActiveCfg = Debug|Any CPU
		{EAB20268-8E47-4BC8-B0E9-96A32A261674}.Debug|Any CPU.Build.0 = Debug|Any CPU
		{EAB20268-8E47-4BC8-B0E9-96A32A261674}.Release|Any CPU.ActiveCfg = Release|Any CPU
		{EAB20268-8E47-4BC8-B0E9-96A32A261674}.Release|Any CPU.Build.0 = Release|Any CPU
		{5C5D4648-596E-4525-855E-78CBC0F5C74B}.Debug|Any CPU.ActiveCfg = Debug|Any CPU
		{5C5D4648-596E-4525-855E-78CBC0F5C74B}.Debug|Any CPU.Build.0 = Debug|Any CPU
		{5C5D4648-596E-4525-855E-78CBC0F5C74B}.Release|Any CPU.ActiveCfg = Release|Any CPU
		{5C5D4648-596E-4525-855E-78CBC0F5C74B}.Release|Any CPU.Build.0 = Release|Any CPU
	EndGlobalSection
	GlobalSection(SolutionProperties) = preSolution
		HideSolutionNode = FALSE
	EndGlobalSection
	GlobalSection(NestedProjects) = preSolution
		{10C18413-3038-4535-BDB1-9C91B2C6BBB3} = {B3C20213-5F82-4451-913F-075B8BBF2AD9}
		{ED2156C8-E1CB-4FD7-AC73-D3F7985C648A} = {B3C20213-5F82-4451-913F-075B8BBF2AD9}
		{19A15498-1AC4-4A5A-B96F-752679696347} = {D78F2C0F-3A0E-4D7A-9B43-446D42C07316}
		{EAB20268-8E47-4BC8-B0E9-96A32A261674} = {D78F2C0F-3A0E-4D7A-9B43-446D42C07316}
		{5C5D4648-596E-4525-855E-78CBC0F5C74B} = {BEF365AB-7AF6-42B8-9AC2-769CD7E4078E}
	EndGlobalSection
	GlobalSection(ExtensibilityGlobals) = postSolution
		SolutionGuid = {29B12356-460A-4CC6-ACCE-159D93675E6C}
	EndGlobalSection
EndGlobal
